{
  "name": "test-machinepack",
  "version": "2.1.20",
  "lockfileVersion": 1,
  "requires": true,
  "dependencies": {
    "@sailshq/lodash": {
      "version": "3.10.2",
      "resolved": "https://registry.npmjs.org/@sailshq/lodash/-/lodash-3.10.2.tgz",
      "integrity": "sha1-FWfUc0U2TCwuIHe8ETSHsd/mIVQ="
    },
    "ansi-regex": {
      "version": "2.1.1",
      "resolved": "https://registry.npmjs.org/ansi-regex/-/ansi-regex-2.1.1.tgz",
      "integrity": "sha1-w7M6te42DYbg5ijwRorn7yfWVN8="
    },
    "ansi-styles": {
      "version": "2.2.1",
      "resolved": "https://registry.npmjs.org/ansi-styles/-/ansi-styles-2.2.1.tgz",
      "integrity": "sha1-tDLdM1i2NM914eRmQ2gkBTPB3b4="
    },
    "async": {
      "version": "2.0.1",
      "resolved": "https://registry.npmjs.org/async/-/async-2.0.1.tgz",
      "integrity": "sha1-twnMAoCpw28J9FNr6CPIOKkEniU=",
      "requires": {
        "lodash": "4.17.4"
      },
      "dependencies": {
        "lodash": {
          "version": "4.17.4",
          "resolved": "https://registry.npmjs.org/lodash/-/lodash-4.17.4.tgz",
          "integrity": "sha1-eCA6TRwyiuHYbcpkYONptX9AVa4="
        }
      }
    },
    "bluebird": {
      "version": "3.2.1",
      "resolved": "https://registry.npmjs.org/bluebird/-/bluebird-3.2.1.tgz",
      "integrity": "sha1-POzzUEkEwwzj55wXCHfok6EZEP0="
    },
    "chalk": {
      "version": "1.1.3",
      "resolved": "https://registry.npmjs.org/chalk/-/chalk-1.1.3.tgz",
      "integrity": "sha1-qBFcVeSnAv5NFQq9OHKCKn4J/Jg=",
      "requires": {
        "ansi-styles": "2.2.1",
        "escape-string-regexp": "1.0.5",
        "has-ansi": "2.0.0",
        "strip-ansi": "3.0.1",
        "supports-color": "2.0.0"
      }
    },
    "cli-color": {
      "version": "0.1.7",
      "resolved": "https://registry.npmjs.org/cli-color/-/cli-color-0.1.7.tgz",
      "integrity": "sha1-rcMgD6RxzCEbDaf1ZrcemLnWc0c=",
      "requires": {
        "es5-ext": "0.8.2"
      }
    },
    "difflib": {
      "version": "0.2.4",
      "resolved": "https://registry.npmjs.org/difflib/-/difflib-0.2.4.tgz",
      "integrity": "sha1-teMDYabbAjF21WKJLbhZQKcY9H4=",
      "requires": {
        "heap": "0.2.6"
      }
    },
    "dreamopt": {
      "version": "0.6.0",
      "resolved": "https://registry.npmjs.org/dreamopt/-/dreamopt-0.6.0.tgz",
      "integrity": "sha1-2BPM2sjTnYrVJndVFKE92mZNa0s=",
      "requires": {
        "wordwrap": "1.0.0"
      }
    },
    "es5-ext": {
      "version": "0.8.2",
      "resolved": "https://registry.npmjs.org/es5-ext/-/es5-ext-0.8.2.tgz",
      "integrity": "sha1-q6jZ4ZQ6iVrJaDemKjmz9V7NlKs="
    },
    "escape-string-regexp": {
      "version": "1.0.5",
      "resolved": "https://registry.npmjs.org/escape-string-regexp/-/escape-string-regexp-1.0.5.tgz",
      "integrity": "sha1-G2HAViGQqN/2rjuyzwIAyhMLhtQ="
    },
    "flaverr": {
      "version": "1.2.2",
      "resolved": "https://registry.npmjs.org/flaverr/-/flaverr-1.2.2.tgz",
      "integrity": "sha1-JfiwoS8ASu2jvR7YqmAl19znIFc=",
      "requires": {
        "@sailshq/lodash": "3.10.2"
      }
    },
    "has-ansi": {
      "version": "2.0.0",
      "resolved": "https://registry.npmjs.org/has-ansi/-/has-ansi-2.0.0.tgz",
      "integrity": "sha1-NPUEnOHs3ysGSa8+8k5F7TVBbZE=",
      "requires": {
        "ansi-regex": "2.1.1"
      }
    },
    "heap": {
      "version": "0.2.6",
      "resolved": "https://registry.npmjs.org/heap/-/heap-0.2.6.tgz",
      "integrity": "sha1-CH4fELBGky/IWU3Z5tN4r8nR5aw="
    },
    "json-diff": {
      "version": "0.3.1",
      "resolved": "https://registry.npmjs.org/json-diff/-/json-diff-0.3.1.tgz",
      "integrity": "sha1-bbw64tJeB1p/1xvNmHRFhmb7aBs=",
      "requires": {
        "cli-color": "0.1.7",
        "difflib": "0.2.4",
        "dreamopt": "0.6.0"
      }
    },
    "json5": {
      "version": "0.4.0",
      "resolved": "https://registry.npmjs.org/json5/-/json5-0.4.0.tgz",
      "integrity": "sha1-BUNS5MTIDIbAkjh31EneF2pzLI0="
    },
    "lodash": {
      "version": "3.10.1",
      "resolved": "https://registry.npmjs.org/lodash/-/lodash-3.10.1.tgz",
      "integrity": "sha1-W/Rejkm6QYnhfUgnid/RW9FAt7Y="
    },
    "machine": {
      "version": "15.0.0-2",
      "resolved": "https://registry.npmjs.org/machine/-/machine-15.0.0-2.tgz",
      "integrity": "sha512-a2KZMNsBFPU24H1u8MGFxa9Wt+w3KGEJWERCYzymC0qjGx6e/yPS56WQWkyb6HW4ylPz4dGClTY/V4umeSy2gA==",
      "requires": {
        "@sailshq/lodash": "3.10.2",
        "flaverr": "1.2.2",
        "parley": "2.4.0-2",
        "rttc": "10.0.0-1"
      },
      "dependencies": {
        "rttc": {
          "version": "10.0.0-1",
          "resolved": "https://registry.npmjs.org/rttc/-/rttc-10.0.0-1.tgz",
          "integrity": "sha1-nm7/wlmcQKEo6lgKAb0BgwATxW8=",
          "requires": {
            "@sailshq/lodash": "3.10.2"
          }
        }
      }
    },
    "parley": {
      "version": "2.4.0-2",
      "resolved": "https://registry.npmjs.org/parley/-/parley-2.4.0-2.tgz",
      "integrity": "sha512-PjdTSUTd39Gmf5SQ2FazjU+5h9RJQHqTdJhoOb2XBPCWHCLHpLmMtO3II4G+Fbq2KCHDMFX/OvD5jLFsnB2rYw==",
      "requires": {
        "@sailshq/lodash": "3.10.2",
        "bluebird": "3.2.1",
        "flaverr": "1.2.2"
      }
    },
    "rttc": {
      "version": "9.8.2",
      "resolved": "https://registry.npmjs.org/rttc/-/rttc-9.8.2.tgz",
      "integrity": "sha1-IzfSHUE/SjT/+IF3+V6uft+9Jr8=",
      "requires": {
        "lodash": "3.10.1"
      }
    },
    "strip-ansi": {
      "version": "3.0.1",
      "resolved": "https://registry.npmjs.org/strip-ansi/-/strip-ansi-3.0.1.tgz",
      "integrity": "sha1-ajhfuIU9lS1f8F0Oiq+UJ43GPc8=",
      "requires": {
        "ansi-regex": "2.1.1"
      }
    },
    "supports-color": {
      "version": "2.0.0",
      "resolved": "https://registry.npmjs.org/supports-color/-/supports-color-2.0.0.tgz",
      "integrity": "sha1-U10EXOa2Nj+kARcIRimZXp3zJMc="
    },
    "wordwrap": {
      "version": "1.0.0",
      "resolved": "https://registry.npmjs.org/wordwrap/-/wordwrap-1.0.0.tgz",
      "integrity": "sha1-J1hIEIkUVqQXHI0CJkQa3pDLyus="
    }
  }
}
